{"is_source_file": false, "format": "", "description": "", "external_files": [], "external_methods": [], "published": [], "classes": [], "methods": [], "calls": [], "search-terms": [], "state": 2, "file_id": 49, "knowledge_revision": 115, "git_revision": "90a1e8706fe2260a9c03253984fbe017f35edbb8", "filename": "/home/kavia/workspace/code-generation/reactquizmaster-95557-95563/reactquizmaster/post_process_status.lock", "hash": "e9b4c3b42cef0193b7fddb548d37e652", "format-version": 4, "code-base-name": "default", "revision_history": [{"115": "90a1e8706fe2260a9c03253984fbe017f35edbb8"}]}